
Microsoft Visual Studio Solution File, Format Version 12.00
# Visual Studio Version 17
VisualStudioVersion = 17.14.36310.24 d17.14
MinimumVisualStudioVersion = 10.0.40219.1
Project("{FAE04EC0-301F-11D3-BF4B-00C04F79EFBC}") = "CarRentalManagement", "CarRentalManagement.csproj", "{DBC57C10-9166-49ED-9E26-4D353DE16F00}"
EndProject
Global
	GlobalSection(SolutionConfigurationPlatforms) = preSolution
		Debug|Any CPU = Debug|Any CPU
		Release|Any CPU = Release|Any CPU
	EndGlobalSection
	GlobalSection(ProjectConfigurationPlatforms) = postSolution
		{DBC57C10-9166-49ED-9E26-4D353DE16F00}.Debug|Any CPU.ActiveCfg = Debug|Any CPU
		{DBC57C10-9166-49ED-9E26-4D353DE16F00}.Debug|Any CPU.Build.0 = Debug|Any CPU
		{DBC57C10-9166-49ED-9E26-4D353DE16F00}.Release|Any CPU.ActiveCfg = Release|Any CPU
		{DBC57C10-9166-49ED-9E26-4D353DE16F00}.Release|Any CPU.Build.0 = Release|Any CPU
	EndGlobalSection
	GlobalSection(SolutionProperties) = preSolution
		HideSolutionNode = FALSE
	EndGlobalSection
	GlobalSection(ExtensibilityGlobals) = postSolution
		SolutionGuid = {CA340D9E-7AF1-4B8B-869D-BA7CD00B0620}
	EndGlobalSection
EndGlobal
